// !$*UTF8*$!
{
	archiveVersion = 1;
	classes = {
	};
	objectVersion = 46;
	objects = {

/* Begin PBXBuildFile section */
		55C7EA6BEE9347B7C77D0B69 /* Pods_Forecast.framework in Frameworks */ = {isa = PBXBuildFile; fileRef = 0CA50946C343D75F8DF00599 /* Pods_Forecast.framework */; };
		A727A7861DDED2CC00229D64 /* BalloonMarker.swift in Sources */ = {isa = PBXBuildFile; fileRef = A727A7841DDED2CC00229D64 /* BalloonMarker.swift */; };
		A727A7871DDED2CC00229D64 /* XYMarkerView.swift in Sources */ = {isa = PBXBuildFile; fileRef = A727A7851DDED2CC00229D64 /* XYMarkerView.swift */; };
		A7334E521DDD798900971E5D /* TabViewController.swift in Sources */ = {isa = PBXBuildFile; fileRef = A7334E511DDD798900971E5D /* TabViewController.swift */; };
		A7334E541DDD79A600971E5D /* NavViewController.swift in Sources */ = {isa = PBXBuildFile; fileRef = A7334E531DDD79A600971E5D /* NavViewController.swift */; };
		A7334E611DDD8C3500971E5D /* DataManager.swift in Sources */ = {isa = PBXBuildFile; fileRef = A7334E601DDD8C3500971E5D /* DataManager.swift */; };
		A7334E891DDD8FC400971E5D /* DashBoardViewController.swift in Sources */ = {isa = PBXBuildFile; fileRef = A7334E871DDD8FC400971E5D /* DashBoardViewController.swift */; };
		A7334E8A1DDD8FC400971E5D /* DashBoardViewController.xib in Resources */ = {isa = PBXBuildFile; fileRef = A7334E881DDD8FC400971E5D /* DashBoardViewController.xib */; };
		A7334EA71DDD9D5800971E5D /* ApiRequestManager.swift in Sources */ = {isa = PBXBuildFile; fileRef = A7334EA61DDD9D5800971E5D /* ApiRequestManager.swift */; };
		A73564A01DEE733900C7BFFC /* Default-568h@2x.png in Resources */ = {isa = PBXBuildFile; fileRef = A735649F1DEE733900C7BFFC /* Default-568h@2x.png */; };
		A73564A41DEE785B00C7BFFC /* stackChart.json in Resources */ = {isa = PBXBuildFile; fileRef = A73564A31DEE785B00C7BFFC /* stackChart.json */; };
		A73564A91DEEAEED00C7BFFC /* available.json in Resources */ = {isa = PBXBuildFile; fileRef = A73564A81DEEAEED00C7BFFC /* available.json */; };
		A73564AB1DEEB35F00C7BFFC /* AvailableModel.swift in Sources */ = {isa = PBXBuildFile; fileRef = A73564AA1DEEB35F00C7BFFC /* AvailableModel.swift */; };
		A73564B41DEEB97F00C7BFFC /* AvailableViewController.swift in Sources */ = {isa = PBXBuildFile; fileRef = A73564B21DEEB97F00C7BFFC /* AvailableViewController.swift */; };
		A73564B71DEEBB7E00C7BFFC /* AvailableTableView.swift in Sources */ = {isa = PBXBuildFile; fileRef = A73564B61DEEBB7E00C7BFFC /* AvailableTableView.swift */; };
		A73564BA1DEEBBBD00C7BFFC /* AvailableTableViewCell.swift in Sources */ = {isa = PBXBuildFile; fileRef = A73564B81DEEBBBD00C7BFFC /* AvailableTableViewCell.swift */; };
		A73564BB1DEEBBBD00C7BFFC /* AvailableTableViewCell.xib in Resources */ = {isa = PBXBuildFile; fileRef = A73564B91DEEBBBD00C7BFFC /* AvailableTableViewCell.xib */; };
		A73564BD1DEEC6F000C7BFFC /* TableViewHeaderView.swift in Sources */ = {isa = PBXBuildFile; fileRef = A73564BC1DEEC6F000C7BFFC /* TableViewHeaderView.swift */; };
		A73564BF1DEEC6FC00C7BFFC /* TableViewHeaderView.xib in Resources */ = {isa = PBXBuildFile; fileRef = A73564BE1DEEC6FC00C7BFFC /* TableViewHeaderView.xib */; };
		A735A5EC1DDED70F0086E55D /* LineChartRootView.swift in Sources */ = {isa = PBXBuildFile; fileRef = A735A5EB1DDED70F0086E55D /* LineChartRootView.swift */; };
		A735A5EE1DDED9CB0086E55D /* PieChartRootView.swift in Sources */ = {isa = PBXBuildFile; fileRef = A735A5ED1DDED9CB0086E55D /* PieChartRootView.swift */; };
		A735A5F01DDEDCB70086E55D /* BarChartRootView.swift in Sources */ = {isa = PBXBuildFile; fileRef = A735A5EF1DDEDCB70086E55D /* BarChartRootView.swift */; };
		A735A5F21DDEE2880086E55D /* BarChartRootView.xib in Resources */ = {isa = PBXBuildFile; fileRef = A735A5F11DDEE2880086E55D /* BarChartRootView.xib */; };
		A735A5F41DDEF56F0086E55D /* ColorExtension.swift in Sources */ = {isa = PBXBuildFile; fileRef = A735A5F31DDEF56F0086E55D /* ColorExtension.swift */; };
		A738847D1DD5A56000E75D3B /* AppDelegate.swift in Sources */ = {isa = PBXBuildFile; fileRef = A738847C1DD5A56000E75D3B /* AppDelegate.swift */; };
		A73884871DD5A56000E75D3B /* LaunchScreen.storyboard in Resources */ = {isa = PBXBuildFile; fileRef = A73884851DD5A56000E75D3B /* LaunchScreen.storyboard */; };
		A738848F1DD5A69600E75D3B /* BaseViewController.swift in Sources */ = {isa = PBXBuildFile; fileRef = A738848E1DD5A69600E75D3B /* BaseViewController.swift */; };
		A73884B31DD5A77200E75D3B /* BlockDefination.swift in Sources */ = {isa = PBXBuildFile; fileRef = A73884911DD5A77200E75D3B /* BlockDefination.swift */; };
		A73884B51DD5A77200E75D3B /* ViewFrameExtension.swift in Sources */ = {isa = PBXBuildFile; fileRef = A73884941DD5A77200E75D3B /* ViewFrameExtension.swift */; };
		A73884B61DD5A77200E75D3B /* ViewProgressExtension.swift in Sources */ = {isa = PBXBuildFile; fileRef = A73884951DD5A77200E75D3B /* ViewProgressExtension.swift */; };
		A73884B71DD5A77200E75D3B /* StringUtil.swift in Sources */ = {isa = PBXBuildFile; fileRef = A73884971DD5A77200E75D3B /* StringUtil.swift */; };
		A73884B81DD5A77200E75D3B /* CustomTextField.swift in Sources */ = {isa = PBXBuildFile; fileRef = A738849A1DD5A77200E75D3B /* CustomTextField.swift */; };
		A73884B91DD5A77200E75D3B /* CustomTextField.xib in Resources */ = {isa = PBXBuildFile; fileRef = A738849B1DD5A77200E75D3B /* CustomTextField.xib */; };
		A73884BA1DD5A77200E75D3B /* MKBlueButton.swift in Sources */ = {isa = PBXBuildFile; fileRef = A738849D1DD5A77200E75D3B /* MKBlueButton.swift */; };
		A73884BB1DD5A77200E75D3B /* MKButton.swift in Sources */ = {isa = PBXBuildFile; fileRef = A738849E1DD5A77200E75D3B /* MKButton.swift */; };
		A73884BC1DD5A77200E75D3B /* MKLayer.swift in Sources */ = {isa = PBXBuildFile; fileRef = A738849F1DD5A77200E75D3B /* MKLayer.swift */; };
		A73884BD1DD5A77200E75D3B /* MKWhiteBtn.swift in Sources */ = {isa = PBXBuildFile; fileRef = A73884A01DD5A77200E75D3B /* MKWhiteBtn.swift */; };
		A73884C21DD5A77200E75D3B /* ScrollViewSet.swift in Sources */ = {isa = PBXBuildFile; fileRef = A73884A71DD5A77200E75D3B /* ScrollViewSet.swift */; };
		A73884C31DD5A77200E75D3B /* SelectionView.swift in Sources */ = {isa = PBXBuildFile; fileRef = A73884A91DD5A77200E75D3B /* SelectionView.swift */; };
		A73884C41DD5A77200E75D3B /* OptionView.swift in Sources */ = {isa = PBXBuildFile; fileRef = A73884AB1DD5A77200E75D3B /* OptionView.swift */; };
		A73884C51DD5A77200E75D3B /* OptionView.xib in Resources */ = {isa = PBXBuildFile; fileRef = A73884AC1DD5A77200E75D3B /* OptionView.xib */; };
		A73884C61DD5A77200E75D3B /* SlideTableHeaderView.swift in Sources */ = {isa = PBXBuildFile; fileRef = A73884AD1DD5A77200E75D3B /* SlideTableHeaderView.swift */; };
		A73884C71DD5A77200E75D3B /* SlideTableHeaderView.xib in Resources */ = {isa = PBXBuildFile; fileRef = A73884AE1DD5A77200E75D3B /* SlideTableHeaderView.xib */; };
		A73884C81DD5A77200E75D3B /* SlideTableViewCell.swift in Sources */ = {isa = PBXBuildFile; fileRef = A73884AF1DD5A77200E75D3B /* SlideTableViewCell.swift */; };
		A73884C91DD5A77200E75D3B /* SlideTableViewCell.xib in Resources */ = {isa = PBXBuildFile; fileRef = A73884B01DD5A77200E75D3B /* SlideTableViewCell.xib */; };
		A73884CA1DD5A77200E75D3B /* TabBarView.swift in Sources */ = {isa = PBXBuildFile; fileRef = A73884B21DD5A77200E75D3B /* TabBarView.swift */; };
		A73884D61DD5A9EB00E75D3B /* Assets.xcassets in Resources */ = {isa = PBXBuildFile; fileRef = A73884D01DD5A9EB00E75D3B /* Assets.xcassets */; };
		A73884D71DD5A9EB00E75D3B /* LaunchScreen.storyboard in Resources */ = {isa = PBXBuildFile; fileRef = A73884D21DD5A9EB00E75D3B /* LaunchScreen.storyboard */; };
		A7827AE21DE3EABE00BAD105 /* SummaryViewController.swift in Sources */ = {isa = PBXBuildFile; fileRef = A7827AE01DE3EABE00BAD105 /* SummaryViewController.swift */; };
		A7827AE31DE3EABE00BAD105 /* SummaryViewController.xib in Resources */ = {isa = PBXBuildFile; fileRef = A7827AE11DE3EABE00BAD105 /* SummaryViewController.xib */; };
		A7827AE51DE432B300BAD105 /* summary.json in Resources */ = {isa = PBXBuildFile; fileRef = A7827AE41DE432B300BAD105 /* summary.json */; };
		A7827AE81DE433CD00BAD105 /* SummaryTableView.swift in Sources */ = {isa = PBXBuildFile; fileRef = A7827AE71DE433CD00BAD105 /* SummaryTableView.swift */; };
		A7827AEB1DE433FB00BAD105 /* SummaryTableViewCell.swift in Sources */ = {isa = PBXBuildFile; fileRef = A7827AE91DE433FB00BAD105 /* SummaryTableViewCell.swift */; };
		A7827AEC1DE433FB00BAD105 /* SummaryTableViewCell.xib in Resources */ = {isa = PBXBuildFile; fileRef = A7827AEA1DE433FB00BAD105 /* SummaryTableViewCell.xib */; };
		A7DCC7F01DF1177E00F1D00E /* LineChartRootView.xib in Resources */ = {isa = PBXBuildFile; fileRef = A7DCC7EF1DF1177E00F1D00E /* LineChartRootView.xib */; };
		A7DCC7F21DF177F100F1D00E /* PieChartRootView.xib in Resources */ = {isa = PBXBuildFile; fileRef = A7DCC7F11DF177F100F1D00E /* PieChartRootView.xib */; };
		A7EA56EC1DDE9AF8007F6B21 /* HttpMacro.swift in Sources */ = {isa = PBXBuildFile; fileRef = A7EA56DF1DDE9AF8007F6B21 /* HttpMacro.swift */; };
		A7EA56EE1DDE9AF8007F6B21 /* ObjectMapperTransform.swift in Sources */ = {isa = PBXBuildFile; fileRef = A7EA56E21DDE9AF8007F6B21 /* ObjectMapperTransform.swift */; };
		A7EA56EF1DDE9AF8007F6B21 /* BalloonMarkerModel.swift in Sources */ = {isa = PBXBuildFile; fileRef = A7EA56E41DDE9AF8007F6B21 /* BalloonMarkerModel.swift */; };
		A7EA56F01DDE9AF8007F6B21 /* ReportLineChartModel.swift in Sources */ = {isa = PBXBuildFile; fileRef = A7EA56E51DDE9AF8007F6B21 /* ReportLineChartModel.swift */; };
		A7EA56F11DDE9AF8007F6B21 /* ReportLosModel.swift in Sources */ = {isa = PBXBuildFile; fileRef = A7EA56E61DDE9AF8007F6B21 /* ReportLosModel.swift */; };
		A7EA56F21DDE9AF8007F6B21 /* ReportPieChartModel.swift in Sources */ = {isa = PBXBuildFile; fileRef = A7EA56E71DDE9AF8007F6B21 /* ReportPieChartModel.swift */; };
		A7EA56F31DDE9AF8007F6B21 /* SummaryModel.swift in Sources */ = {isa = PBXBuildFile; fileRef = A7EA56E81DDE9AF8007F6B21 /* SummaryModel.swift */; };
		A7EA56F41DDE9AF8007F6B21 /* BaseViewModel.swift in Sources */ = {isa = PBXBuildFile; fileRef = A7EA56EA1DDE9AF8007F6B21 /* BaseViewModel.swift */; };
		A7EA56F51DDE9AF8007F6B21 /* ReportViewModel.swift in Sources */ = {isa = PBXBuildFile; fileRef = A7EA56EB1DDE9AF8007F6B21 /* ReportViewModel.swift */; };
		A7EA56F71DDEA0A5007F6B21 /* ChartFormatter.swift in Sources */ = {isa = PBXBuildFile; fileRef = A7EA56F61DDEA0A5007F6B21 /* ChartFormatter.swift */; };
		A7F752061DE43F1E00C74FB2 /* CustomDetailView.swift in Sources */ = {isa = PBXBuildFile; fileRef = A7F752051DE43F1E00C74FB2 /* CustomDetailView.swift */; };
		A7F752081DE43F3600C74FB2 /* CustomDetailView.xib in Resources */ = {isa = PBXBuildFile; fileRef = A7F752071DE43F3600C74FB2 /* CustomDetailView.xib */; };
		A7F7520A1DE5726100C74FB2 /* OnBenchViewController.swift in Sources */ = {isa = PBXBuildFile; fileRef = A7F752091DE5726100C74FB2 /* OnBenchViewController.swift */; };
		A7F7520D1DE6871900C74FB2 /* HorizontalNavView.swift in Sources */ = {isa = PBXBuildFile; fileRef = A7F7520C1DE6871900C74FB2 /* HorizontalNavView.swift */; };
/* End PBXBuildFile section */

/* Begin PBXFileReference section */
		0CA50946C343D75F8DF00599 /* Pods_Forecast.framework */ = {isa = PBXFileReference; explicitFileType = wrapper.framework; includeInIndex = 0; path = Pods_Forecast.framework; sourceTree = BUILT_PRODUCTS_DIR; };
		5121C9E764200BD918A05935 /* Pods-Forecast.debug.xcconfig */ = {isa = PBXFileReference; includeInIndex = 1; lastKnownFileType = text.xcconfig; name = "Pods-Forecast.debug.xcconfig"; path = "Pods/Target Support Files/Pods-Forecast/Pods-Forecast.debug.xcconfig"; sourceTree = "<group>"; };
		A727A7841DDED2CC00229D64 /* BalloonMarker.swift */ = {isa = PBXFileReference; fileEncoding = 4; lastKnownFileType = sourcecode.swift; path = BalloonMarker.swift; sourceTree = "<group>"; };
		A727A7851DDED2CC00229D64 /* XYMarkerView.swift */ = {isa = PBXFileReference; fileEncoding = 4; lastKnownFileType = sourcecode.swift; path = XYMarkerView.swift; sourceTree = "<group>"; };
		A7334E511DDD798900971E5D /* TabViewController.swift */ = {isa = PBXFileReference; fileEncoding = 4; lastKnownFileType = sourcecode.swift; path = TabViewController.swift; sourceTree = "<group>"; };
		A7334E531DDD79A600971E5D /* NavViewController.swift */ = {isa = PBXFileReference; fileEncoding = 4; lastKnownFileType = sourcecode.swift; path = NavViewController.swift; sourceTree = "<group>"; };
		A7334E601DDD8C3500971E5D /* DataManager.swift */ = {isa = PBXFileReference; fileEncoding = 4; lastKnownFileType = sourcecode.swift; path = DataManager.swift; sourceTree = "<group>"; };
		A7334E871DDD8FC400971E5D /* DashBoardViewController.swift */ = {isa = PBXFileReference; fileEncoding = 4; lastKnownFileType = sourcecode.swift; path = DashBoardViewController.swift; sourceTree = "<group>"; };
		A7334E881DDD8FC400971E5D /* DashBoardViewController.xib */ = {isa = PBXFileReference; fileEncoding = 4; lastKnownFileType = file.xib; path = DashBoardViewController.xib; sourceTree = "<group>"; };
		A7334EA61DDD9D5800971E5D /* ApiRequestManager.swift */ = {isa = PBXFileReference; fileEncoding = 4; lastKnownFileType = sourcecode.swift; path = ApiRequestManager.swift; sourceTree = "<group>"; };
		A735649F1DEE733900C7BFFC /* Default-568h@2x.png */ = {isa = PBXFileReference; lastKnownFileType = image.png; path = "Default-568h@2x.png"; sourceTree = "<group>"; };
		A73564A31DEE785B00C7BFFC /* stackChart.json */ = {isa = PBXFileReference; fileEncoding = 4; lastKnownFileType = text.json; path = stackChart.json; sourceTree = "<group>"; };
		A73564A81DEEAEED00C7BFFC /* available.json */ = {isa = PBXFileReference; fileEncoding = 4; lastKnownFileType = text.json; path = available.json; sourceTree = "<group>"; };
		A73564AA1DEEB35F00C7BFFC /* AvailableModel.swift */ = {isa = PBXFileReference; fileEncoding = 4; lastKnownFileType = sourcecode.swift; path = AvailableModel.swift; sourceTree = "<group>"; };
		A73564B21DEEB97F00C7BFFC /* AvailableViewController.swift */ = {isa = PBXFileReference; fileEncoding = 4; lastKnownFileType = sourcecode.swift; path = AvailableViewController.swift; sourceTree = "<group>"; };
		A73564B61DEEBB7E00C7BFFC /* AvailableTableView.swift */ = {isa = PBXFileReference; fileEncoding = 4; lastKnownFileType = sourcecode.swift; path = AvailableTableView.swift; sourceTree = "<group>"; };
		A73564B81DEEBBBD00C7BFFC /* AvailableTableViewCell.swift */ = {isa = PBXFileReference; fileEncoding = 4; lastKnownFileType = sourcecode.swift; path = AvailableTableViewCell.swift; sourceTree = "<group>"; };
		A73564B91DEEBBBD00C7BFFC /* AvailableTableViewCell.xib */ = {isa = PBXFileReference; fileEncoding = 4; lastKnownFileType = file.xib; path = AvailableTableViewCell.xib; sourceTree = "<group>"; };
		A73564BC1DEEC6F000C7BFFC /* TableViewHeaderView.swift */ = {isa = PBXFileReference; fileEncoding = 4; lastKnownFileType = sourcecode.swift; path = TableViewHeaderView.swift; sourceTree = "<group>"; };
		A73564BE1DEEC6FC00C7BFFC /* TableViewHeaderView.xib */ = {isa = PBXFileReference; fileEncoding = 4; lastKnownFileType = file.xib; path = TableViewHeaderView.xib; sourceTree = "<group>"; };
		A735A5EB1DDED70F0086E55D /* LineChartRootView.swift */ = {isa = PBXFileReference; fileEncoding = 4; lastKnownFileType = sourcecode.swift; path = LineChartRootView.swift; sourceTree = "<group>"; };
		A735A5ED1DDED9CB0086E55D /* PieChartRootView.swift */ = {isa = PBXFileReference; fileEncoding = 4; lastKnownFileType = sourcecode.swift; path = PieChartRootView.swift; sourceTree = "<group>"; };
		A735A5EF1DDEDCB70086E55D /* BarChartRootView.swift */ = {isa = PBXFileReference; fileEncoding = 4; lastKnownFileType = sourcecode.swift; path = BarChartRootView.swift; sourceTree = "<group>"; };
		A735A5F11DDEE2880086E55D /* BarChartRootView.xib */ = {isa = PBXFileReference; fileEncoding = 4; lastKnownFileType = file.xib; path = BarChartRootView.xib; sourceTree = "<group>"; };
		A735A5F31DDEF56F0086E55D /* ColorExtension.swift */ = {isa = PBXFileReference; fileEncoding = 4; lastKnownFileType = sourcecode.swift; path = ColorExtension.swift; sourceTree = "<group>"; };
		A73884791DD5A56000E75D3B /* Forecast.app */ = {isa = PBXFileReference; explicitFileType = wrapper.application; includeInIndex = 0; path = Forecast.app; sourceTree = BUILT_PRODUCTS_DIR; };
		A738847C1DD5A56000E75D3B /* AppDelegate.swift */ = {isa = PBXFileReference; lastKnownFileType = sourcecode.swift; path = AppDelegate.swift; sourceTree = "<group>"; };
		A73884861DD5A56000E75D3B /* Base */ = {isa = PBXFileReference; lastKnownFileType = file.storyboard; name = Base; path = Base.lproj/LaunchScreen.storyboard; sourceTree = "<group>"; };
		A73884881DD5A56000E75D3B /* Info.plist */ = {isa = PBXFileReference; lastKnownFileType = text.plist.xml; path = Info.plist; sourceTree = "<group>"; };
		A738848E1DD5A69600E75D3B /* BaseViewController.swift */ = {isa = PBXFileReference; fileEncoding = 4; lastKnownFileType = sourcecode.swift; path = BaseViewController.swift; sourceTree = "<group>"; };
		A73884911DD5A77200E75D3B /* BlockDefination.swift */ = {isa = PBXFileReference; fileEncoding = 4; lastKnownFileType = sourcecode.swift; path = BlockDefination.swift; sourceTree = "<group>"; };
		A73884941DD5A77200E75D3B /* ViewFrameExtension.swift */ = {isa = PBXFileReference; fileEncoding = 4; lastKnownFileType = sourcecode.swift; path = ViewFrameExtension.swift; sourceTree = "<group>"; };
		A73884951DD5A77200E75D3B /* ViewProgressExtension.swift */ = {isa = PBXFileReference; fileEncoding = 4; lastKnownFileType = sourcecode.swift; path = ViewProgressExtension.swift; sourceTree = "<group>"; };
		A73884971DD5A77200E75D3B /* StringUtil.swift */ = {isa = PBXFileReference; fileEncoding = 4; lastKnownFileType = sourcecode.swift; path = StringUtil.swift; sourceTree = "<group>"; };
		A738849A1DD5A77200E75D3B /* CustomTextField.swift */ = {isa = PBXFileReference; fileEncoding = 4; lastKnownFileType = sourcecode.swift; path = CustomTextField.swift; sourceTree = "<group>"; };
		A738849B1DD5A77200E75D3B /* CustomTextField.xib */ = {isa = PBXFileReference; fileEncoding = 4; lastKnownFileType = file.xib; path = CustomTextField.xib; sourceTree = "<group>"; };
		A738849D1DD5A77200E75D3B /* MKBlueButton.swift */ = {isa = PBXFileReference; fileEncoding = 4; lastKnownFileType = sourcecode.swift; path = MKBlueButton.swift; sourceTree = "<group>"; };
		A738849E1DD5A77200E75D3B /* MKButton.swift */ = {isa = PBXFileReference; fileEncoding = 4; lastKnownFileType = sourcecode.swift; path = MKButton.swift; sourceTree = "<group>"; };
		A738849F1DD5A77200E75D3B /* MKLayer.swift */ = {isa = PBXFileReference; fileEncoding = 4; lastKnownFileType = sourcecode.swift; path = MKLayer.swift; sourceTree = "<group>"; };
		A73884A01DD5A77200E75D3B /* MKWhiteBtn.swift */ = {isa = PBXFileReference; fileEncoding = 4; lastKnownFileType = sourcecode.swift; path = MKWhiteBtn.swift; sourceTree = "<group>"; };
		A73884A71DD5A77200E75D3B /* ScrollViewSet.swift */ = {isa = PBXFileReference; fileEncoding = 4; lastKnownFileType = sourcecode.swift; path = ScrollViewSet.swift; sourceTree = "<group>"; };
		A73884A91DD5A77200E75D3B /* SelectionView.swift */ = {isa = PBXFileReference; fileEncoding = 4; lastKnownFileType = sourcecode.swift; path = SelectionView.swift; sourceTree = "<group>"; };
		A73884AB1DD5A77200E75D3B /* OptionView.swift */ = {isa = PBXFileReference; fileEncoding = 4; lastKnownFileType = sourcecode.swift; path = OptionView.swift; sourceTree = "<group>"; };
		A73884AC1DD5A77200E75D3B /* OptionView.xib */ = {isa = PBXFileReference; fileEncoding = 4; lastKnownFileType = file.xib; path = OptionView.xib; sourceTree = "<group>"; };
		A73884AD1DD5A77200E75D3B /* SlideTableHeaderView.swift */ = {isa = PBXFileReference; fileEncoding = 4; lastKnownFileType = sourcecode.swift; path = SlideTableHeaderView.swift; sourceTree = "<group>"; };
		A73884AE1DD5A77200E75D3B /* SlideTableHeaderView.xib */ = {isa = PBXFileReference; fileEncoding = 4; lastKnownFileType = file.xib; path = SlideTableHeaderView.xib; sourceTree = "<group>"; };
		A73884AF1DD5A77200E75D3B /* SlideTableViewCell.swift */ = {isa = PBXFileReference; fileEncoding = 4; lastKnownFileType = sourcecode.swift; path = SlideTableViewCell.swift; sourceTree = "<group>"; };
		A73884B01DD5A77200E75D3B /* SlideTableViewCell.xib */ = {isa = PBXFileReference; fileEncoding = 4; lastKnownFileType = file.xib; path = SlideTableViewCell.xib; sourceTree = "<group>"; };
		A73884B21DD5A77200E75D3B /* TabBarView.swift */ = {isa = PBXFileReference; fileEncoding = 4; lastKnownFileType = sourcecode.swift; path = TabBarView.swift; sourceTree = "<group>"; };
		A73884D01DD5A9EB00E75D3B /* Assets.xcassets */ = {isa = PBXFileReference; lastKnownFileType = folder.assetcatalog; path = Assets.xcassets; sourceTree = "<group>"; };
		A73884D31DD5A9EB00E75D3B /* Base */ = {isa = PBXFileReference; lastKnownFileType = file.storyboard; name = Base; path = LaunchScreen.storyboard; sourceTree = "<group>"; };
		A7827AE01DE3EABE00BAD105 /* SummaryViewController.swift */ = {isa = PBXFileReference; fileEncoding = 4; lastKnownFileType = sourcecode.swift; path = SummaryViewController.swift; sourceTree = "<group>"; };
		A7827AE11DE3EABE00BAD105 /* SummaryViewController.xib */ = {isa = PBXFileReference; fileEncoding = 4; lastKnownFileType = file.xib; path = SummaryViewController.xib; sourceTree = "<group>"; };
		A7827AE41DE432B300BAD105 /* summary.json */ = {isa = PBXFileReference; fileEncoding = 4; lastKnownFileType = text.json; path = summary.json; sourceTree = "<group>"; };
		A7827AE71DE433CD00BAD105 /* SummaryTableView.swift */ = {isa = PBXFileReference; fileEncoding = 4; lastKnownFileType = sourcecode.swift; path = SummaryTableView.swift; sourceTree = "<group>"; };
		A7827AE91DE433FB00BAD105 /* SummaryTableViewCell.swift */ = {isa = PBXFileReference; fileEncoding = 4; lastKnownFileType = sourcecode.swift; path = SummaryTableViewCell.swift; sourceTree = "<group>"; };
		A7827AEA1DE433FB00BAD105 /* SummaryTableViewCell.xib */ = {isa = PBXFileReference; fileEncoding = 4; lastKnownFileType = file.xib; path = SummaryTableViewCell.xib; sourceTree = "<group>"; };
		A7DCC7EF1DF1177E00F1D00E /* LineChartRootView.xib */ = {isa = PBXFileReference; fileEncoding = 4; lastKnownFileType = file.xib; path = LineChartRootView.xib; sourceTree = "<group>"; };
		A7DCC7F11DF177F100F1D00E /* PieChartRootView.xib */ = {isa = PBXFileReference; fileEncoding = 4; lastKnownFileType = file.xib; path = PieChartRootView.xib; sourceTree = "<group>"; };
		A7EA56DF1DDE9AF8007F6B21 /* HttpMacro.swift */ = {isa = PBXFileReference; fileEncoding = 4; lastKnownFileType = sourcecode.swift; path = HttpMacro.swift; sourceTree = "<group>"; };
		A7EA56E21DDE9AF8007F6B21 /* ObjectMapperTransform.swift */ = {isa = PBXFileReference; fileEncoding = 4; lastKnownFileType = sourcecode.swift; path = ObjectMapperTransform.swift; sourceTree = "<group>"; };
		A7EA56E41DDE9AF8007F6B21 /* BalloonMarkerModel.swift */ = {isa = PBXFileReference; fileEncoding = 4; lastKnownFileType = sourcecode.swift; path = BalloonMarkerModel.swift; sourceTree = "<group>"; };
		A7EA56E51DDE9AF8007F6B21 /* ReportLineChartModel.swift */ = {isa = PBXFileReference; fileEncoding = 4; lastKnownFileType = sourcecode.swift; path = ReportLineChartModel.swift; sourceTree = "<group>"; };
		A7EA56E61DDE9AF8007F6B21 /* ReportLosModel.swift */ = {isa = PBXFileReference; fileEncoding = 4; lastKnownFileType = sourcecode.swift; path = ReportLosModel.swift; sourceTree = "<group>"; };
		A7EA56E71DDE9AF8007F6B21 /* ReportPieChartModel.swift */ = {isa = PBXFileReference; fileEncoding = 4; lastKnownFileType = sourcecode.swift; path = ReportPieChartModel.swift; sourceTree = "<group>"; };
		A7EA56E81DDE9AF8007F6B21 /* SummaryModel.swift */ = {isa = PBXFileReference; fileEncoding = 4; lastKnownFileType = sourcecode.swift; path = SummaryModel.swift; sourceTree = "<group>"; };
		A7EA56EA1DDE9AF8007F6B21 /* BaseViewModel.swift */ = {isa = PBXFileReference; fileEncoding = 4; lastKnownFileType = sourcecode.swift; path = BaseViewModel.swift; sourceTree = "<group>"; };
		A7EA56EB1DDE9AF8007F6B21 /* ReportViewModel.swift */ = {isa = PBXFileReference; fileEncoding = 4; lastKnownFileType = sourcecode.swift; path = ReportViewModel.swift; sourceTree = "<group>"; };
		A7EA56F61DDEA0A5007F6B21 /* ChartFormatter.swift */ = {isa = PBXFileReference; fileEncoding = 4; lastKnownFileType = sourcecode.swift; path = ChartFormatter.swift; sourceTree = "<group>"; };
		A7F752051DE43F1E00C74FB2 /* CustomDetailView.swift */ = {isa = PBXFileReference; fileEncoding = 4; lastKnownFileType = sourcecode.swift; path = CustomDetailView.swift; sourceTree = "<group>"; };
		A7F752071DE43F3600C74FB2 /* CustomDetailView.xib */ = {isa = PBXFileReference; fileEncoding = 4; lastKnownFileType = file.xib; path = CustomDetailView.xib; sourceTree = "<group>"; };
		A7F752091DE5726100C74FB2 /* OnBenchViewController.swift */ = {isa = PBXFileReference; fileEncoding = 4; lastKnownFileType = sourcecode.swift; path = OnBenchViewController.swift; sourceTree = "<group>"; };
		A7F7520C1DE6871900C74FB2 /* HorizontalNavView.swift */ = {isa = PBXFileReference; fileEncoding = 4; lastKnownFileType = sourcecode.swift; path = HorizontalNavView.swift; sourceTree = "<group>"; };
		FBEE79754D7F5DEC21D66885 /* Pods-Forecast.release.xcconfig */ = {isa = PBXFileReference; includeInIndex = 1; lastKnownFileType = text.xcconfig; name = "Pods-Forecast.release.xcconfig"; path = "Pods/Target Support Files/Pods-Forecast/Pods-Forecast.release.xcconfig"; sourceTree = "<group>"; };
/* End PBXFileReference section */

/* Begin PBXFrameworksBuildPhase section */
		A73884761DD5A56000E75D3B /* Frameworks */ = {
			isa = PBXFrameworksBuildPhase;
			buildActionMask = 2147483647;
			files = (
				55C7EA6BEE9347B7C77D0B69 /* Pods_Forecast.framework in Frameworks */,
			);
			runOnlyForDeploymentPostprocessing = 0;
		};
/* End PBXFrameworksBuildPhase section */

/* Begin PBXGroup section */
		87A226404844C4B4F66EA017 /* Frameworks */ = {
			isa = PBXGroup;
			children = (
				0CA50946C343D75F8DF00599 /* Pods_Forecast.framework */,
			);
			name = Frameworks;
			sourceTree = "<group>";
		};
		93935DD1C870EE7A265B650C /* Pods */ = {
			isa = PBXGroup;
			children = (
				5121C9E764200BD918A05935 /* Pods-Forecast.debug.xcconfig */,
				FBEE79754D7F5DEC21D66885 /* Pods-Forecast.release.xcconfig */,
			);
			name = Pods;
			sourceTree = "<group>";
		};
		A727A7831DDED2CC00229D64 /* Components */ = {
			isa = PBXGroup;
			children = (
				A727A7841DDED2CC00229D64 /* BalloonMarker.swift */,
				A727A7851DDED2CC00229D64 /* XYMarkerView.swift */,
			);
			path = Components;
			sourceTree = "<group>";
		};
		A7334E5F1DDD8BE300971E5D /* Manager */ = {
			isa = PBXGroup;
			children = (
				A7334E601DDD8C3500971E5D /* DataManager.swift */,
				A7334EA61DDD9D5800971E5D /* ApiRequestManager.swift */,
			);
			name = Manager;
			path = Forecast/Manager;
			sourceTree = SOURCE_ROOT;
		};
		A7334E821DDD8F8E00971E5D /* Class */ = {
			isa = PBXGroup;
			children = (
				A7334E831DDD8F8E00971E5D /* DashBoard */,
				A7827ADF1DE3EA8D00BAD105 /* Summary */,
				A73564AC1DEEB7A600C7BFFC /* Available */,
			);
			path = Class;
			sourceTree = "<group>";
		};
		A7334E831DDD8F8E00971E5D /* DashBoard */ = {
			isa = PBXGroup;
			children = (
				A7334E871DDD8FC400971E5D /* DashBoardViewController.swift */,
				A7334E881DDD8FC400971E5D /* DashBoardViewController.xib */,
				A7334E971DDD987500971E5D /* ChartsViews */,
			);
			path = DashBoard;
			sourceTree = "<group>";
		};
		A7334E971DDD987500971E5D /* ChartsViews */ = {
			isa = PBXGroup;
			children = (
				A735A5EB1DDED70F0086E55D /* LineChartRootView.swift */,
				A7DCC7EF1DF1177E00F1D00E /* LineChartRootView.xib */,
				A735A5ED1DDED9CB0086E55D /* PieChartRootView.swift */,
				A7DCC7F11DF177F100F1D00E /* PieChartRootView.xib */,
				A735A5EF1DDEDCB70086E55D /* BarChartRootView.swift */,
				A735A5F11DDEE2880086E55D /* BarChartRootView.xib */,
			);
			path = ChartsViews;
			sourceTree = "<group>";
		};
		A73564AC1DEEB7A600C7BFFC /* Available */ = {
			isa = PBXGroup;
			children = (
				A73564B21DEEB97F00C7BFFC /* AvailableViewController.swift */,
				A73564AF1DEEB8FB00C7BFFC /* CustomView */,
			);
			path = Available;
			sourceTree = "<group>";
		};
		A73564AF1DEEB8FB00C7BFFC /* CustomView */ = {
			isa = PBXGroup;
			children = (
				A73564B61DEEBB7E00C7BFFC /* AvailableTableView.swift */,
				A73564B81DEEBBBD00C7BFFC /* AvailableTableViewCell.swift */,
				A73564B91DEEBBBD00C7BFFC /* AvailableTableViewCell.xib */,
				A73564BC1DEEC6F000C7BFFC /* TableViewHeaderView.swift */,
				A73564BE1DEEC6FC00C7BFFC /* TableViewHeaderView.xib */,
			);
			path = CustomView;
			sourceTree = "<group>";
		};
		A73884701DD5A56000E75D3B = {
			isa = PBXGroup;
			children = (
				A735649F1DEE733900C7BFFC /* Default-568h@2x.png */,
				A738847B1DD5A56000E75D3B /* Forecast */,
				A738847A1DD5A56000E75D3B /* Products */,
				93935DD1C870EE7A265B650C /* Pods */,
				87A226404844C4B4F66EA017 /* Frameworks */,
			);
			sourceTree = "<group>";
		};
		A738847A1DD5A56000E75D3B /* Products */ = {
			isa = PBXGroup;
			children = (
				A73884791DD5A56000E75D3B /* Forecast.app */,
			);
			name = Products;
			sourceTree = "<group>";
		};
		A738847B1DD5A56000E75D3B /* Forecast */ = {
			isa = PBXGroup;
			children = (
				A73884D01DD5A9EB00E75D3B /* Assets.xcassets */,
				A73884D11DD5A9EB00E75D3B /* Base.lproj */,
				A738847C1DD5A56000E75D3B /* AppDelegate.swift */,
				A738848E1DD5A69600E75D3B /* BaseViewController.swift */,
				A7334E511DDD798900971E5D /* TabViewController.swift */,
				A7334E531DDD79A600971E5D /* NavViewController.swift */,
				A727A7831DDED2CC00229D64 /* Components */,
				A7334E821DDD8F8E00971E5D /* Class */,
				A7EA56DD1DDE9AF8007F6B21 /* HttpRequest */,
				A73884901DD5A77200E75D3B /* Defination */,
				A73884921DD5A77200E75D3B /* Extension */,
				A73884961DD5A77200E75D3B /* Utility */,
				A7334E5F1DDD8BE300971E5D /* Manager */,
				A73884981DD5A77200E75D3B /* View */,
				A73884851DD5A56000E75D3B /* LaunchScreen.storyboard */,
				A73884881DD5A56000E75D3B /* Info.plist */,
			);
			path = Forecast;
			sourceTree = "<group>";
		};
		A73884901DD5A77200E75D3B /* Defination */ = {
			isa = PBXGroup;
			children = (
				A73884911DD5A77200E75D3B /* BlockDefination.swift */,
			);
			path = Defination;
			sourceTree = "<group>";
		};
		A73884921DD5A77200E75D3B /* Extension */ = {
			isa = PBXGroup;
			children = (
				A735A5F31DDEF56F0086E55D /* ColorExtension.swift */,
				A7EA56F61DDEA0A5007F6B21 /* ChartFormatter.swift */,
				A73884941DD5A77200E75D3B /* ViewFrameExtension.swift */,
				A73884951DD5A77200E75D3B /* ViewProgressExtension.swift */,
			);
			path = Extension;
			sourceTree = "<group>";
		};
		A73884961DD5A77200E75D3B /* Utility */ = {
			isa = PBXGroup;
			children = (
				A73884971DD5A77200E75D3B /* StringUtil.swift */,
			);
			path = Utility;
			sourceTree = "<group>";
		};
		A73884981DD5A77200E75D3B /* View */ = {
			isa = PBXGroup;
			children = (
				A7F7520B1DE686ED00C74FB2 /* HorizontalNavView */,
				A73884991DD5A77200E75D3B /* MaterialTextField */,
				A738849C1DD5A77200E75D3B /* MKButton */,
				A73884A61DD5A77200E75D3B /* ScrollViewSet */,
				A73884A81DD5A77200E75D3B /* SelectionView */,
				A73884AA1DD5A77200E75D3B /* SideBar */,
				A73884B11DD5A77200E75D3B /* TabBar */,
			);
			path = View;
			sourceTree = "<group>";
		};
		A73884991DD5A77200E75D3B /* MaterialTextField */ = {
			isa = PBXGroup;
			children = (
				A738849A1DD5A77200E75D3B /* CustomTextField.swift */,
				A738849B1DD5A77200E75D3B /* CustomTextField.xib */,
			);
			path = MaterialTextField;
			sourceTree = "<group>";
		};
		A738849C1DD5A77200E75D3B /* MKButton */ = {
			isa = PBXGroup;
			children = (
				A738849D1DD5A77200E75D3B /* MKBlueButton.swift */,
				A738849E1DD5A77200E75D3B /* MKButton.swift */,
				A738849F1DD5A77200E75D3B /* MKLayer.swift */,
				A73884A01DD5A77200E75D3B /* MKWhiteBtn.swift */,
			);
			path = MKButton;
			sourceTree = "<group>";
		};
		A73884A61DD5A77200E75D3B /* ScrollViewSet */ = {
			isa = PBXGroup;
			children = (
				A73884A71DD5A77200E75D3B /* ScrollViewSet.swift */,
			);
			path = ScrollViewSet;
			sourceTree = "<group>";
		};
		A73884A81DD5A77200E75D3B /* SelectionView */ = {
			isa = PBXGroup;
			children = (
				A73884A91DD5A77200E75D3B /* SelectionView.swift */,
			);
			path = SelectionView;
			sourceTree = "<group>";
		};
		A73884AA1DD5A77200E75D3B /* SideBar */ = {
			isa = PBXGroup;
			children = (
				A73884AB1DD5A77200E75D3B /* OptionView.swift */,
				A73884AC1DD5A77200E75D3B /* OptionView.xib */,
				A73884AD1DD5A77200E75D3B /* SlideTableHeaderView.swift */,
				A73884AE1DD5A77200E75D3B /* SlideTableHeaderView.xib */,
				A73884AF1DD5A77200E75D3B /* SlideTableViewCell.swift */,
				A73884B01DD5A77200E75D3B /* SlideTableViewCell.xib */,
			);
			path = SideBar;
			sourceTree = "<group>";
		};
		A73884B11DD5A77200E75D3B /* TabBar */ = {
			isa = PBXGroup;
			children = (
				A73884B21DD5A77200E75D3B /* TabBarView.swift */,
			);
			path = TabBar;
			sourceTree = "<group>";
		};
		A73884D11DD5A9EB00E75D3B /* Base.lproj */ = {
			isa = PBXGroup;
			children = (
				A73884D21DD5A9EB00E75D3B /* LaunchScreen.storyboard */,
			);
			path = Base.lproj;
			sourceTree = "<group>";
		};
		A7827ADF1DE3EA8D00BAD105 /* Summary */ = {
			isa = PBXGroup;
			children = (
				A7827AE01DE3EABE00BAD105 /* SummaryViewController.swift */,
				A7827AE11DE3EABE00BAD105 /* SummaryViewController.xib */,
				A7F752091DE5726100C74FB2 /* OnBenchViewController.swift */,
				A7827AE61DE4333D00BAD105 /* CustomView */,
			);
			path = Summary;
			sourceTree = "<group>";
		};
		A7827AE61DE4333D00BAD105 /* CustomView */ = {
			isa = PBXGroup;
			children = (
				A7827AE71DE433CD00BAD105 /* SummaryTableView.swift */,
				A7827AE91DE433FB00BAD105 /* SummaryTableViewCell.swift */,
				A7827AEA1DE433FB00BAD105 /* SummaryTableViewCell.xib */,
				A7F752051DE43F1E00C74FB2 /* CustomDetailView.swift */,
				A7F752071DE43F3600C74FB2 /* CustomDetailView.xib */,
			);
			path = CustomView;
			sourceTree = "<group>";
		};
		A7EA56DD1DDE9AF8007F6B21 /* HttpRequest */ = {
			isa = PBXGroup;
			children = (
				A7EA56DE1DDE9AF8007F6B21 /* HttpAssist */,
				A7EA56E01DDE9AF8007F6B21 /* Model */,
				A7EA56E91DDE9AF8007F6B21 /* ViewModel */,
			);
			path = HttpRequest;
			sourceTree = "<group>";
		};
		A7EA56DE1DDE9AF8007F6B21 /* HttpAssist */ = {
			isa = PBXGroup;
			children = (
				A7EA56DF1DDE9AF8007F6B21 /* HttpMacro.swift */,
			);
			path = HttpAssist;
			sourceTree = "<group>";
		};
		A7EA56E01DDE9AF8007F6B21 /* Model */ = {
			isa = PBXGroup;
			children = (
				A7EA56E21DDE9AF8007F6B21 /* ObjectMapperTransform.swift */,
				A7EA56E31DDE9AF8007F6B21 /* Report */,
			);
			path = Model;
			sourceTree = "<group>";
		};
		A7EA56E31DDE9AF8007F6B21 /* Report */ = {
			isa = PBXGroup;
			children = (
				A73564A81DEEAEED00C7BFFC /* available.json */,
				A7827AE41DE432B300BAD105 /* summary.json */,
				A73564A31DEE785B00C7BFFC /* stackChart.json */,
				A7EA56E41DDE9AF8007F6B21 /* BalloonMarkerModel.swift */,
				A7EA56E51DDE9AF8007F6B21 /* ReportLineChartModel.swift */,
				A7EA56E61DDE9AF8007F6B21 /* ReportLosModel.swift */,
				A7EA56E71DDE9AF8007F6B21 /* ReportPieChartModel.swift */,
				A7EA56E81DDE9AF8007F6B21 /* SummaryModel.swift */,
				A73564AA1DEEB35F00C7BFFC /* AvailableModel.swift */,
			);
			path = Report;
			sourceTree = "<group>";
		};
		A7EA56E91DDE9AF8007F6B21 /* ViewModel */ = {
			isa = PBXGroup;
			children = (
				A7EA56EA1DDE9AF8007F6B21 /* BaseViewModel.swift */,
				A7EA56EB1DDE9AF8007F6B21 /* ReportViewModel.swift */,
			);
			path = ViewModel;
			sourceTree = "<group>";
		};
		A7F7520B1DE686ED00C74FB2 /* HorizontalNavView */ = {
			isa = PBXGroup;
			children = (
				A7F7520C1DE6871900C74FB2 /* HorizontalNavView.swift */,
			);
			path = HorizontalNavView;
			sourceTree = "<group>";
		};
/* End PBXGroup section */

/* Begin PBXNativeTarget section */
		A73884781DD5A56000E75D3B /* Forecast */ = {
			isa = PBXNativeTarget;
			buildConfigurationList = A738848B1DD5A56000E75D3B /* Build configuration list for PBXNativeTarget "Forecast" */;
			buildPhases = (
				046747E16D68A16FBC1A4135 /* [CP] Check Pods Manifest.lock */,
				A73884751DD5A56000E75D3B /* Sources */,
				A73884761DD5A56000E75D3B /* Frameworks */,
				A73884771DD5A56000E75D3B /* Resources */,
				2989E3AD467A02660C3601CB /* [CP] Embed Pods Frameworks */,
				42DC4F3C9942B491C5BAD7E0 /* [CP] Copy Pods Resources */,
			);
			buildRules = (
			);
			dependencies = (
			);
			name = Forecast;
			productName = Forecast;
			productReference = A73884791DD5A56000E75D3B /* Forecast.app */;
			productType = "com.apple.product-type.application";
		};
/* End PBXNativeTarget section */

/* Begin PBXProject section */
		A73884711DD5A56000E75D3B /* Project object */ = {
			isa = PBXProject;
			attributes = {
				LastSwiftUpdateCheck = 0810;
				LastUpgradeCheck = 0810;
				ORGANIZATIONNAME = appledev110;
				TargetAttributes = {
					A73884781DD5A56000E75D3B = {
						CreatedOnToolsVersion = 8.1;
						DevelopmentTeam = 382ASS7UAT;
						ProvisioningStyle = Automatic;
					};
				};
			};
			buildConfigurationList = A73884741DD5A56000E75D3B /* Build configuration list for PBXProject "Forecast" */;
			compatibilityVersion = "Xcode 3.2";
			developmentRegion = English;
			hasScannedForEncodings = 0;
			knownRegions = (
				en,
				Base,
			);
			mainGroup = A73884701DD5A56000E75D3B;
			productRefGroup = A738847A1DD5A56000E75D3B /* Products */;
			projectDirPath = "";
			projectRoot = "";
			targets = (
				A73884781DD5A56000E75D3B /* Forecast */,
			);
		};
/* End PBXProject section */

/* Begin PBXResourcesBuildPhase section */
		A73884771DD5A56000E75D3B /* Resources */ = {
			isa = PBXResourcesBuildPhase;
			buildActionMask = 2147483647;
			files = (
				A73564BB1DEEBBBD00C7BFFC /* AvailableTableViewCell.xib in Resources */,
				A73884B91DD5A77200E75D3B /* CustomTextField.xib in Resources */,
				A7827AE51DE432B300BAD105 /* summary.json in Resources */,
				A73884C91DD5A77200E75D3B /* SlideTableViewCell.xib in Resources */,
				A7DCC7F21DF177F100F1D00E /* PieChartRootView.xib in Resources */,
				A735A5F21DDEE2880086E55D /* BarChartRootView.xib in Resources */,
				A7F752081DE43F3600C74FB2 /* CustomDetailView.xib in Resources */,
				A73564A01DEE733900C7BFFC /* Default-568h@2x.png in Resources */,
				A73884D61DD5A9EB00E75D3B /* Assets.xcassets in Resources */,
				A7DCC7F01DF1177E00F1D00E /* LineChartRootView.xib in Resources */,
				A73564A91DEEAEED00C7BFFC /* available.json in Resources */,
				A73564A41DEE785B00C7BFFC /* stackChart.json in Resources */,
				A73564BF1DEEC6FC00C7BFFC /* TableViewHeaderView.xib in Resources */,
				A73884871DD5A56000E75D3B /* LaunchScreen.storyboard in Resources */,
				A7827AE31DE3EABE00BAD105 /* SummaryViewController.xib in Resources */,
				A73884C51DD5A77200E75D3B /* OptionView.xib in Resources */,
				A7827AEC1DE433FB00BAD105 /* SummaryTableViewCell.xib in Resources */,
				A7334E8A1DDD8FC400971E5D /* DashBoardViewController.xib in Resources */,
				A73884C71DD5A77200E75D3B /* SlideTableHeaderView.xib in Resources */,
				A73884D71DD5A9EB00E75D3B /* LaunchScreen.storyboard in Resources */,
			);
			runOnlyForDeploymentPostprocessing = 0;
		};
/* End PBXResourcesBuildPhase section */

/* Begin PBXShellScriptBuildPhase section */
		046747E16D68A16FBC1A4135 /* [CP] Check Pods Manifest.lock */ = {
			isa = PBXShellScriptBuildPhase;
			buildActionMask = 2147483647;
			files = (
			);
			inputPaths = (
			);
			name = "[CP] Check Pods Manifest.lock";
			outputPaths = (
			);
			runOnlyForDeploymentPostprocessing = 0;
			shellPath = /bin/sh;
			shellScript = "diff \"${PODS_ROOT}/../Podfile.lock\" \"${PODS_ROOT}/Manifest.lock\" > /dev/null\nif [ $? != 0 ] ; then\n    # print error to STDERR\n    echo \"error: The sandbox is not in sync with the Podfile.lock. Run 'pod install' or update your CocoaPods installation.\" >&2\n    exit 1\nfi\n";
			showEnvVarsInLog = 0;
		};
		2989E3AD467A02660C3601CB /* [CP] Embed Pods Frameworks */ = {
			isa = PBXShellScriptBuildPhase;
			buildActionMask = 2147483647;
			files = (
			);
			inputPaths = (
			);
			name = "[CP] Embed Pods Frameworks";
			outputPaths = (
			);
			runOnlyForDeploymentPostprocessing = 0;
			shellPath = /bin/sh;
			shellScript = "\"${SRCROOT}/Pods/Target Support Files/Pods-Forecast/Pods-Forecast-frameworks.sh\"\n";
			showEnvVarsInLog = 0;
		};
		42DC4F3C9942B491C5BAD7E0 /* [CP] Copy Pods Resources */ = {
			isa = PBXShellScriptBuildPhase;
			buildActionMask = 2147483647;
			files = (
			);
			inputPaths = (
			);
			name = "[CP] Copy Pods Resources";
			outputPaths = (
			);
			runOnlyForDeploymentPostprocessing = 0;
			shellPath = /bin/sh;
			shellScript = "\"${SRCROOT}/Pods/Target Support Files/Pods-Forecast/Pods-Forecast-resources.sh\"\n";
			showEnvVarsInLog = 0;
		};
/* End PBXShellScriptBuildPhase section */

/* Begin PBXSourcesBuildPhase section */
		A73884751DD5A56000E75D3B /* Sources */ = {
			isa = PBXSourcesBuildPhase;
			buildActionMask = 2147483647;
			files = (
				A7EA56F41DDE9AF8007F6B21 /* BaseViewModel.swift in Sources */,
				A73884B31DD5A77200E75D3B /* BlockDefination.swift in Sources */,
				A735A5EE1DDED9CB0086E55D /* PieChartRootView.swift in Sources */,
				A73884C21DD5A77200E75D3B /* ScrollViewSet.swift in Sources */,
				A738847D1DD5A56000E75D3B /* AppDelegate.swift in Sources */,
				A735A5EC1DDED70F0086E55D /* LineChartRootView.swift in Sources */,
				A7334E541DDD79A600971E5D /* NavViewController.swift in Sources */,
				A7EA56F31DDE9AF8007F6B21 /* SummaryModel.swift in Sources */,
				A7EA56F51DDE9AF8007F6B21 /* ReportViewModel.swift in Sources */,
				A7827AEB1DE433FB00BAD105 /* SummaryTableViewCell.swift in Sources */,
				A727A7871DDED2CC00229D64 /* XYMarkerView.swift in Sources */,
				A73564BA1DEEBBBD00C7BFFC /* AvailableTableViewCell.swift in Sources */,
				A735A5F01DDEDCB70086E55D /* BarChartRootView.swift in Sources */,
				A73884BA1DD5A77200E75D3B /* MKBlueButton.swift in Sources */,
				A7EA56F21DDE9AF8007F6B21 /* ReportPieChartModel.swift in Sources */,
				A73884C61DD5A77200E75D3B /* SlideTableHeaderView.swift in Sources */,
				A7334E521DDD798900971E5D /* TabViewController.swift in Sources */,
				A7EA56F11DDE9AF8007F6B21 /* ReportLosModel.swift in Sources */,
				A727A7861DDED2CC00229D64 /* BalloonMarker.swift in Sources */,
				A7EA56F71DDEA0A5007F6B21 /* ChartFormatter.swift in Sources */,
				A7EA56F01DDE9AF8007F6B21 /* ReportLineChartModel.swift in Sources */,
				A7EA56EC1DDE9AF8007F6B21 /* HttpMacro.swift in Sources */,
				A7334EA71DDD9D5800971E5D /* ApiRequestManager.swift in Sources */,
				A73884B71DD5A77200E75D3B /* StringUtil.swift in Sources */,
				A73884BD1DD5A77200E75D3B /* MKWhiteBtn.swift in Sources */,
				A73564B41DEEB97F00C7BFFC /* AvailableViewController.swift in Sources */,
				A7F752061DE43F1E00C74FB2 /* CustomDetailView.swift in Sources */,
				A73884C41DD5A77200E75D3B /* OptionView.swift in Sources */,
				A73564AB1DEEB35F00C7BFFC /* AvailableModel.swift in Sources */,
				A7827AE81DE433CD00BAD105 /* SummaryTableView.swift in Sources */,
				A73884BC1DD5A77200E75D3B /* MKLayer.swift in Sources */,
				A7F7520D1DE6871900C74FB2 /* HorizontalNavView.swift in Sources */,
				A73884B81DD5A77200E75D3B /* CustomTextField.swift in Sources */,
				A7334E891DDD8FC400971E5D /* DashBoardViewController.swift in Sources */,
				A7EA56EF1DDE9AF8007F6B21 /* BalloonMarkerModel.swift in Sources */,
				A73884B61DD5A77200E75D3B /* ViewProgressExtension.swift in Sources */,
				A73884BB1DD5A77200E75D3B /* MKButton.swift in Sources */,
				A7F7520A1DE5726100C74FB2 /* OnBenchViewController.swift in Sources */,
				A73564B71DEEBB7E00C7BFFC /* AvailableTableView.swift in Sources */,
				A73884B51DD5A77200E75D3B /* ViewFrameExtension.swift in Sources */,
				A7EA56EE1DDE9AF8007F6B21 /* ObjectMapperTransform.swift in Sources */,
				A735A5F41DDEF56F0086E55D /* ColorExtension.swift in Sources */,
				A73564BD1DEEC6F000C7BFFC /* TableViewHeaderView.swift in Sources */,
				A738848F1DD5A69600E75D3B /* BaseViewController.swift in Sources */,
				A73884C31DD5A77200E75D3B /* SelectionView.swift in Sources */,
				A73884CA1DD5A77200E75D3B /* TabBarView.swift in Sources */,
				A7334E611DDD8C3500971E5D /* DataManager.swift in Sources */,
				A73884C81DD5A77200E75D3B /* SlideTableViewCell.swift in Sources */,
				A7827AE21DE3EABE00BAD105 /* SummaryViewController.swift in Sources */,
			);
			runOnlyForDeploymentPostprocessing = 0;
		};
/* End PBXSourcesBuildPhase section */

/* Begin PBXVariantGroup section */
		A73884851DD5A56000E75D3B /* LaunchScreen.storyboard */ = {
			isa = PBXVariantGroup;
			children = (
				A73884861DD5A56000E75D3B /* Base */,
			);
			name = LaunchScreen.storyboard;
			sourceTree = "<group>";
		};
		A73884D21DD5A9EB00E75D3B /* LaunchScreen.storyboard */ = {
			isa = PBXVariantGroup;
			children = (
				A73884D31DD5A9EB00E75D3B /* Base */,
			);
			name = LaunchScreen.storyboard;
			sourceTree = "<group>";
		};
/* End PBXVariantGroup section */

/* Begin XCBuildConfiguration section */
		A73884891DD5A56000E75D3B /* Debug */ = {
			isa = XCBuildConfiguration;
			buildSettings = {
				ALWAYS_SEARCH_USER_PATHS = NO;
				CLANG_ANALYZER_NONNULL = YES;
				CLANG_CXX_LANGUAGE_STANDARD = "gnu++0x";
				CLANG_CXX_LIBRARY = "libc++";
				CLANG_ENABLE_MODULES = YES;
				CLANG_ENABLE_OBJC_ARC = YES;
				CLANG_WARN_BOOL_CONVERSION = YES;
				CLANG_WARN_CONSTANT_CONVERSION = YES;
				CLANG_WARN_DIRECT_OBJC_ISA_USAGE = YES_ERROR;
				CLANG_WARN_DOCUMENTATION_COMMENTS = YES;
				CLANG_WARN_EMPTY_BODY = YES;
				CLANG_WARN_ENUM_CONVERSION = YES;
				CLANG_WARN_INFINITE_RECURSION = YES;
				CLANG_WARN_INT_CONVERSION = YES;
				CLANG_WARN_OBJC_ROOT_CLASS = YES_ERROR;
				CLANG_WARN_SUSPICIOUS_MOVE = YES;
				CLANG_WARN_SUSPICIOUS_MOVES = YES;
				CLANG_WARN_UNREACHABLE_CODE = YES;
				CLANG_WARN__DUPLICATE_METHOD_MATCH = YES;
				"CODE_SIGN_IDENTITY[sdk=iphoneos*]" = "iPhone Developer";
				COPY_PHASE_STRIP = NO;
				DEBUG_INFORMATION_FORMAT = dwarf;
				ENABLE_STRICT_OBJC_MSGSEND = YES;
				ENABLE_TESTABILITY = YES;
				GCC_C_LANGUAGE_STANDARD = gnu99;
				GCC_DYNAMIC_NO_PIC = NO;
				GCC_NO_COMMON_BLOCKS = YES;
				GCC_OPTIMIZATION_LEVEL = 0;
				GCC_PREPROCESSOR_DEFINITIONS = (
					"DEBUG=1",
					"$(inherited)",
				);
				GCC_WARN_64_TO_32_BIT_CONVERSION = YES;
				GCC_WARN_ABOUT_RETURN_TYPE = YES_ERROR;
				GCC_WARN_UNDECLARED_SELECTOR = YES;
				GCC_WARN_UNINITIALIZED_AUTOS = YES_AGGRESSIVE;
				GCC_WARN_UNUSED_FUNCTION = YES;
				GCC_WARN_UNUSED_VARIABLE = YES;
				IPHONEOS_DEPLOYMENT_TARGET = 10.1;
				MTL_ENABLE_DEBUG_INFO = YES;
				ONLY_ACTIVE_ARCH = YES;
				SDKROOT = iphoneos;
				SWIFT_ACTIVE_COMPILATION_CONDITIONS = DEBUG;
				SWIFT_OPTIMIZATION_LEVEL = "-Onone";
				TARGETED_DEVICE_FAMILY = "1,2";
			};
			name = Debug;
		};
		A738848A1DD5A56000E75D3B /* Release */ = {
			isa = XCBuildConfiguration;
			buildSettings = {
				ALWAYS_SEARCH_USER_PATHS = NO;
				CLANG_ANALYZER_NONNULL = YES;
				CLANG_CXX_LANGUAGE_STANDARD = "gnu++0x";
				CLANG_CXX_LIBRARY = "libc++";
				CLANG_ENABLE_MODULES = YES;
				CLANG_ENABLE_OBJC_ARC = YES;
				CLANG_WARN_BOOL_CONVERSION = YES;
				CLANG_WARN_CONSTANT_CONVERSION = YES;
				CLANG_WARN_DIRECT_OBJC_ISA_USAGE = YES_ERROR;
				CLANG_WARN_DOCUMENTATION_COMMENTS = YES;
				CLANG_WARN_EMPTY_BODY = YES;
				CLANG_WARN_ENUM_CONVERSION = YES;
				CLANG_WARN_INFINITE_RECURSION = YES;
				CLANG_WARN_INT_CONVERSION = YES;
				CLANG_WARN_OBJC_ROOT_CLASS = YES_ERROR;
				CLANG_WARN_SUSPICIOUS_MOVE = YES;
				CLANG_WARN_SUSPICIOUS_MOVES = YES;
				CLANG_WARN_UNREACHABLE_CODE = YES;
				CLANG_WARN__DUPLICATE_METHOD_MATCH = YES;
				"CODE_SIGN_IDENTITY[sdk=iphoneos*]" = "iPhone Developer";
				COPY_PHASE_STRIP = NO;
				DEBUG_INFORMATION_FORMAT = "dwarf-with-dsym";
				ENABLE_NS_ASSERTIONS = NO;
				ENABLE_STRICT_OBJC_MSGSEND = YES;
				GCC_C_LANGUAGE_STANDARD = gnu99;
				GCC_NO_COMMON_BLOCKS = YES;
				GCC_WARN_64_TO_32_BIT_CONVERSION = YES;
				GCC_WARN_ABOUT_RETURN_TYPE = YES_ERROR;
				GCC_WARN_UNDECLARED_SELECTOR = YES;
				GCC_WARN_UNINITIALIZED_AUTOS = YES_AGGRESSIVE;
				GCC_WARN_UNUSED_FUNCTION = YES;
				GCC_WARN_UNUSED_VARIABLE = YES;
				IPHONEOS_DEPLOYMENT_TARGET = 10.1;
				MTL_ENABLE_DEBUG_INFO = NO;
				SDKROOT = iphoneos;
				SWIFT_OPTIMIZATION_LEVEL = "-Owholemodule";
				TARGETED_DEVICE_FAMILY = "1,2";
				VALIDATE_PRODUCT = YES;
			};
			name = Release;
		};
		A738848C1DD5A56000E75D3B /* Debug */ = {
			isa = XCBuildConfiguration;
			baseConfigurationReference = 5121C9E764200BD918A05935 /* Pods-Forecast.debug.xcconfig */;
			buildSettings = {
				ALWAYS_EMBED_SWIFT_STANDARD_LIBRARIES = YES;
				ASSETCATALOG_COMPILER_APPICON_NAME = AppIcon;
				DEVELOPMENT_TEAM = 382ASS7UAT;
				INFOPLIST_FILE = Forecast/Info.plist;
				LD_RUNPATH_SEARCH_PATHS = "$(inherited) @executable_path/Frameworks";
				PRODUCT_BUNDLE_IDENTIFIER = Pwc.Forecast;
				PRODUCT_NAME = "$(TARGET_NAME)";
				SWIFT_VERSION = 3.0;
				TARGETED_DEVICE_FAMILY = 1;
			};
			name = Debug;
		};
		A738848D1DD5A56000E75D3B /* Release */ = {
			isa = XCBuildConfiguration;
			baseConfigurationReference = FBEE79754D7F5DEC21D66885 /* Pods-Forecast.release.xcconfig */;
			buildSettings = {
				ALWAYS_EMBED_SWIFT_STANDARD_LIBRARIES = YES;
				ASSETCATALOG_COMPILER_APPICON_NAME = AppIcon;
				DEVELOPMENT_TEAM = 382ASS7UAT;
				INFOPLIST_FILE = Forecast/Info.plist;
				LD_RUNPATH_SEARCH_PATHS = "$(inherited) @executable_path/Frameworks";
				PRODUCT_BUNDLE_IDENTIFIER = Pwc.Forecast;
				PRODUCT_NAME = "$(TARGET_NAME)";
				SWIFT_VERSION = 3.0;
				TARGETED_DEVICE_FAMILY = 1;
			};
			name = Release;
		};
/* End XCBuildConfiguration section */

/* Begin XCConfigurationList section */
		A73884741DD5A56000E75D3B /* Build configuration list for PBXProject "Forecast" */ = {
			isa = XCConfigurationList;
			buildConfigurations = (
				A73884891DD5A56000E75D3B /* Debug */,
				A738848A1DD5A56000E75D3B /* Release */,
			);
			defaultConfigurationIsVisible = 0;
			defaultConfigurationName = Release;
		};
		A738848B1DD5A56000E75D3B /* Build configuration list for PBXNativeTarget "Forecast" */ = {
			isa = XCConfigurationList;
			buildConfigurations = (
				A738848C1DD5A56000E75D3B /* Debug */,
				A738848D1DD5A56000E75D3B /* Release */,
			);
			defaultConfigurationIsVisible = 0;
			defaultConfigurationName = Release;
		};
/* End XCConfigurationList section */
	};
	rootObject = A73884711DD5A56000E75D3B /* Project object */;
}
